
Microsoft Visual Studio Solution File, Format Version 12.00
# Visual Studio Version 16
VisualStudioVersion = 16.0.31605.320
MinimumVisualStudioVersion = 10.0.40219.1
Project("{FAE04EC0-301F-11D3-BF4B-00C04F79EFBC}") = "WebApplication1", "WebApplication1\WebApplication1.csproj", "{B103DFFB-962A-4A5B-A7E6-0158F8D0984F}"
EndProject
Project("{FAE04EC0-301F-11D3-BF4B-00C04F79EFBC}") = "TestProject1", "TestProject1\TestProject1.csproj", "{CE7E2DD9-F85F-4F6C-91FA-8DE61244FF7A}"
EndProject
Global
	GlobalSection(SolutionConfigurationPlatforms) = preSolution
		Debug|Any CPU = Debug|Any CPU
		Release|Any CPU = Release|Any CPU
	EndGlobalSection
	GlobalSection(ProjectConfigurationPlatforms) = postSolution
		{B103DFFB-962A-4A5B-A7E6-0158F8D0984F}.Debug|Any CPU.ActiveCfg = Debug|Any CPU
		{B103DFFB-962A-4A5B-A7E6-0158F8D0984F}.Debug|Any CPU.Build.0 = Debug|Any CPU
		{B103DFFB-962A-4A5B-A7E6-0158F8D0984F}.Release|Any CPU.ActiveCfg = Release|Any CPU
		{B103DFFB-962A-4A5B-A7E6-0158F8D0984F}.Release|Any CPU.Build.0 = Release|Any CPU
		{CE7E2DD9-F85F-4F6C-91FA-8DE61244FF7A}.Debug|Any CPU.ActiveCfg = Debug|Any CPU
		{CE7E2DD9-F85F-4F6C-91FA-8DE61244FF7A}.Debug|Any CPU.Build.0 = Debug|Any CPU
		{CE7E2DD9-F85F-4F6C-91FA-8DE61244FF7A}.Release|Any CPU.ActiveCfg = Release|Any CPU
		{CE7E2DD9-F85F-4F6C-91FA-8DE61244FF7A}.Release|Any CPU.Build.0 = Release|Any CPU
	EndGlobalSection
	GlobalSection(SolutionProperties) = preSolution
		HideSolutionNode = FALSE
	EndGlobalSection
	GlobalSection(ExtensibilityGlobals) = postSolution
		SolutionGuid = {17E1D25B-736E-498F-857D-5FC75A49060E}
	EndGlobalSection
EndGlobal
